
Microsoft Visual Studio Solution File, Format Version 12.00
# Visual Studio 15
VisualStudioVersion = 15.0.28307.1231
MinimumVisualStudioVersion = 10.0.40219.1
Project("{FAE04EC0-301F-11D3-BF4B-00C04F79EFBC}") = "Fronted", "ProyectoPIIISeccionA\Fronted.csproj", "{8CDE4162-FBAC-439D-89EA-845BAF628570}"
EndProject
Project("{FAE04EC0-301F-11D3-BF4B-00C04F79EFBC}") = "Backend", "Backend\Backend.csproj", "{AA57A7F3-DC48-4C96-B74B-ACEADAF35857}"
EndProject
Global
	GlobalSection(SolutionConfigurationPlatforms) = preSolution
		Debug|Any CPU = Debug|Any CPU
		Release|Any CPU = Release|Any CPU
	EndGlobalSection
	GlobalSection(ProjectConfigurationPlatforms) = postSolution
		{8CDE4162-FBAC-439D-89EA-845BAF628570}.Debug|Any CPU.ActiveCfg = Debug|Any CPU
		{8CDE4162-FBAC-439D-89EA-845BAF628570}.Debug|Any CPU.Build.0 = Debug|Any CPU
		{8CDE4162-FBAC-439D-89EA-845BAF628570}.Release|Any CPU.ActiveCfg = Release|Any CPU
		{8CDE4162-FBAC-439D-89EA-845BAF628570}.Release|Any CPU.Build.0 = Release|Any CPU
		{AA57A7F3-DC48-4C96-B74B-ACEADAF35857}.Debug|Any CPU.ActiveCfg = Debug|Any CPU
		{AA57A7F3-DC48-4C96-B74B-ACEADAF35857}.Debug|Any CPU.Build.0 = Debug|Any CPU
		{AA57A7F3-DC48-4C96-B74B-ACEADAF35857}.Release|Any CPU.ActiveCfg = Release|Any CPU
		{AA57A7F3-DC48-4C96-B74B-ACEADAF35857}.Release|Any CPU.Build.0 = Release|Any CPU
	EndGlobalSection
	GlobalSection(SolutionProperties) = preSolution
		HideSolutionNode = FALSE
	EndGlobalSection
	GlobalSection(ExtensibilityGlobals) = postSolution
		SolutionGuid = {EEF4C83C-221F-4131-865D-36C3CDF1756F}
	EndGlobalSection
EndGlobal
